PODS:
  - AddButtonExpand (0.0.5)
  - ProgressBar (0.0.2)
  - Realm (3.14.2):
    - Realm/Headers (= 3.14.2)
  - Realm/Headers (3.14.2)
  - RealmSwift (3.14.2):
    - Realm (= 3.14.2)
  - SingleDatePickerCalendar (0.0.3)

DEPENDENCIES:
  - AddButtonExpand
  - ProgressBar
  - RealmSwift
  - SingleDatePickerCalendar

SPEC REPOS:
  https://github.com/cocoapods/specs.git:
    - AddButtonExpand
    - ProgressBar
    - Realm
    - RealmSwift
    - SingleDatePickerCalendar

SPEC CHECKSUMS:
  AddButtonExpand: a38e53bfdcdee44215943630accfb358eb96029a
  ProgressBar: a4626c667e4a0a712a537654ca5510615b0030b5
  Realm: 179c6706e3a49dbfe112e572fd3c03d3169bea35
  RealmSwift: 1797f272fb51c555b764fada32e82159a2c65247
  SingleDatePickerCalendar: 137586cef0c9fd7d31255dbdd88d4210ea974c50

PODFILE CHECKSUM: 3737eed050f0cd476ba7a503dc817bc2c57db43f

COCOAPODS: 1.6.1
