PODS:
  - AddButtonExpand (0.0.10)
  - Alamofire (4.8.2)
  - ProgressBar (0.0.2)
  - Realm (3.16.0):
    - Realm/Headers (= 3.16.0)
  - Realm/Headers (3.16.0)
  - RealmSwift (3.16.0):
    - Realm (= 3.16.0)
  - SingleDatePickerCalendar (0.0.6)
  - SwiftyJSON (5.0.0)

DEPENDENCIES:
  - AddButtonExpand
  - Alamofire
  - ProgressBar
  - RealmSwift
  - SingleDatePickerCalendar
  - SwiftyJSON

SPEC REPOS:
  https://github.com/cocoapods/specs.git:
    - AddButtonExpand
    - Alamofire
    - ProgressBar
    - Realm
    - RealmSwift
    - SingleDatePickerCalendar
    - SwiftyJSON

SPEC CHECKSUMS:
  AddButtonExpand: c2bedb5c5a38e4b3940d1da3f89748798d030df2
  Alamofire: ae5c501addb7afdbb13687d7f2f722c78734c2d3
  ProgressBar: a4626c667e4a0a712a537654ca5510615b0030b5
  Realm: 5ca1b8c472dfc532cd0ba0bfe2ce49f97130158f
  RealmSwift: 2ee401dbcc188706261921326146f5a539d4d4a7
  SingleDatePickerCalendar: 90625969cde8fa24e6ba3ae463fa4898544ce5e3
  SwiftyJSON: 36413e04c44ee145039d332b4f4e2d3e8d6c4db7

PODFILE CHECKSUM: 4ed8f4e0e512dd379b1756a23fe2f2cd986531b6

COCOAPODS: 1.6.1
