// !$*UTF8*$!
{
	archiveVersion = 1;
	classes = {
	};
	objectVersion = 50;
	objects = {

/* Begin PBXBuildFile section */
		047AF99222CDDB2F0041A29C /* ToDo-Ext.swift in Sources */ = {isa = PBXBuildFile; fileRef = 047AF98A22CDDB2F0041A29C /* ToDo-Ext.swift */; };
		047AF99322CDDB2F0041A29C /* Reminder.swift in Sources */ = {isa = PBXBuildFile; fileRef = 047AF98B22CDDB2F0041A29C /* Reminder.swift */; };
		047AF99422CDDB2F0041A29C /* TaskTableView.swift in Sources */ = {isa = PBXBuildFile; fileRef = 047AF98C22CDDB2F0041A29C /* TaskTableView.swift */; };
		047AF99522CDDB2F0041A29C /* ToDoCardCollectionViewFLowLayout.swift in Sources */ = {isa = PBXBuildFile; fileRef = 047AF98D22CDDB2F0041A29C /* ToDoCardCollectionViewFLowLayout.swift */; };
		047AF99622CDDB2F0041A29C /* ToDoCard.swift in Sources */ = {isa = PBXBuildFile; fileRef = 047AF98E22CDDB2F0041A29C /* ToDoCard.swift */; };
		047AF99722CDDB2F0041A29C /* TaskCell.swift in Sources */ = {isa = PBXBuildFile; fileRef = 047AF98F22CDDB2F0041A29C /* TaskCell.swift */; };
		047AF99822CDDB2F0041A29C /* CheckBox.swift in Sources */ = {isa = PBXBuildFile; fileRef = 047AF99022CDDB2F0041A29C /* CheckBox.swift */; };
		047AF99922CDDB2F0041A29C /* CategoryTextField.swift in Sources */ = {isa = PBXBuildFile; fileRef = 047AF99122CDDB2F0041A29C /* CategoryTextField.swift */; };
		047AF9A022CDDB400041A29C /* HomeController.swift in Sources */ = {isa = PBXBuildFile; fileRef = 047AF99A22CDDB400041A29C /* HomeController.swift */; };
		047AF9A122CDDB400041A29C /* AddTaskPresentationController.swift in Sources */ = {isa = PBXBuildFile; fileRef = 047AF99B22CDDB400041A29C /* AddTaskPresentationController.swift */; };
		047AF9A222CDDB400041A29C /* ToDoCardDismissAnimator.swift in Sources */ = {isa = PBXBuildFile; fileRef = 047AF99C22CDDB400041A29C /* ToDoCardDismissAnimator.swift */; };
		047AF9A322CDDB400041A29C /* AddTaskController.swift in Sources */ = {isa = PBXBuildFile; fileRef = 047AF99D22CDDB400041A29C /* AddTaskController.swift */; };
		047AF9A422CDDB400041A29C /* ToDoCardPresentAnimator.swift in Sources */ = {isa = PBXBuildFile; fileRef = 047AF99E22CDDB400041A29C /* ToDoCardPresentAnimator.swift */; };
		047AF9A522CDDB400041A29C /* ToDoViewController.swift in Sources */ = {isa = PBXBuildFile; fileRef = 047AF99F22CDDB400041A29C /* ToDoViewController.swift */; };
		A11338FA22A315A7005F4540 /* Common.swift in Sources */ = {isa = PBXBuildFile; fileRef = A11338F922A315A7005F4540 /* Common.swift */; };
		A12017C622700F32007AC0EF /* ToDoViewModel.swift in Sources */ = {isa = PBXBuildFile; fileRef = A12017C522700F32007AC0EF /* ToDoViewModel.swift */; };
		A172A84D227B83F5002ED40D /* ImageCropper.swift in Sources */ = {isa = PBXBuildFile; fileRef = A172A84C227B83F5002ED40D /* ImageCropper.swift */; };
		A17A3CB4224B2A2000204CD9 /* AppDelegate.swift in Sources */ = {isa = PBXBuildFile; fileRef = A17A3CB3224B2A2000204CD9 /* AppDelegate.swift */; };
		A17A3CB9224B2A2000204CD9 /* Main.storyboard in Resources */ = {isa = PBXBuildFile; fileRef = A17A3CB7224B2A2000204CD9 /* Main.storyboard */; };
		A17A3CBE224B2A2100204CD9 /* Assets.xcassets in Resources */ = {isa = PBXBuildFile; fileRef = A17A3CBD224B2A2100204CD9 /* Assets.xcassets */; };
		A17A3CC1224B2A2100204CD9 /* LaunchScreen.storyboard in Resources */ = {isa = PBXBuildFile; fileRef = A17A3CBF224B2A2100204CD9 /* LaunchScreen.storyboard */; };
		A17A3CDA224B2FB900204CD9 /* TaskList.swift in Sources */ = {isa = PBXBuildFile; fileRef = A17A3CD9224B2FB900204CD9 /* TaskList.swift */; };
		A1A0C6C82291D34900F0AE7D /* NetworkRequest.swift in Sources */ = {isa = PBXBuildFile; fileRef = A1A0C6C72291D34900F0AE7D /* NetworkRequest.swift */; };
		A1A5E169225AFB5200B2D4AD /* Person.swift in Sources */ = {isa = PBXBuildFile; fileRef = A1A5E168225AFB5100B2D4AD /* Person.swift */; };
		A1C7A91922752C8F00C0C1FD /* Extension.swift in Sources */ = {isa = PBXBuildFile; fileRef = A1C7A91822752C8F00C0C1FD /* Extension.swift */; };
		A1D418F622A39C3E00D74370 /* ToDoUITests.swift in Sources */ = {isa = PBXBuildFile; fileRef = A1D418F522A39C3E00D74370 /* ToDoUITests.swift */; };
		B004DC3053A7D76BC404C83E /* Pods_ToDo.framework in Frameworks */ = {isa = PBXBuildFile; fileRef = 8E27C3B32806F0827D27B949 /* Pods_ToDo.framework */; };
/* End PBXBuildFile section */

/* Begin PBXContainerItemProxy section */
		A1D418F822A39C3E00D74370 /* PBXContainerItemProxy */ = {
			isa = PBXContainerItemProxy;
			containerPortal = A17A3CA8224B2A2000204CD9 /* Project object */;
			proxyType = 1;
			remoteGlobalIDString = A17A3CAF224B2A2000204CD9;
			remoteInfo = ToDo;
		};
/* End PBXContainerItemProxy section */

/* Begin PBXFileReference section */
		047AF98A22CDDB2F0041A29C /* ToDo-Ext.swift */ = {isa = PBXFileReference; fileEncoding = 4; lastKnownFileType = sourcecode.swift; name = "ToDo-Ext.swift"; path = "../../../ToDo-master/ToDo/View/ToDo-Ext.swift"; sourceTree = "<group>"; };
		047AF98B22CDDB2F0041A29C /* Reminder.swift */ = {isa = PBXFileReference; fileEncoding = 4; lastKnownFileType = sourcecode.swift; name = Reminder.swift; path = "../../../ToDo-master/ToDo/View/Reminder.swift"; sourceTree = "<group>"; };
		047AF98C22CDDB2F0041A29C /* TaskTableView.swift */ = {isa = PBXFileReference; fileEncoding = 4; lastKnownFileType = sourcecode.swift; name = TaskTableView.swift; path = "../../../ToDo-master/ToDo/View/TaskTableView.swift"; sourceTree = "<group>"; };
		047AF98D22CDDB2F0041A29C /* ToDoCardCollectionViewFLowLayout.swift */ = {isa = PBXFileReference; fileEncoding = 4; lastKnownFileType = sourcecode.swift; name = ToDoCardCollectionViewFLowLayout.swift; path = "../../../ToDo-master/ToDo/View/ToDoCardCollectionViewFLowLayout.swift"; sourceTree = "<group>"; };
		047AF98E22CDDB2F0041A29C /* ToDoCard.swift */ = {isa = PBXFileReference; fileEncoding = 4; lastKnownFileType = sourcecode.swift; name = ToDoCard.swift; path = "../../../ToDo-master/ToDo/View/ToDoCard.swift"; sourceTree = "<group>"; };
		047AF98F22CDDB2F0041A29C /* TaskCell.swift */ = {isa = PBXFileReference; fileEncoding = 4; lastKnownFileType = sourcecode.swift; name = TaskCell.swift; path = "../../../ToDo-master/ToDo/View/TaskCell.swift"; sourceTree = "<group>"; };
		047AF99022CDDB2F0041A29C /* CheckBox.swift */ = {isa = PBXFileReference; fileEncoding = 4; lastKnownFileType = sourcecode.swift; name = CheckBox.swift; path = "../../../ToDo-master/ToDo/View/CheckBox.swift"; sourceTree = "<group>"; };
		047AF99122CDDB2F0041A29C /* CategoryTextField.swift */ = {isa = PBXFileReference; fileEncoding = 4; lastKnownFileType = sourcecode.swift; name = CategoryTextField.swift; path = "../../../ToDo-master/ToDo/View/CategoryTextField.swift"; sourceTree = "<group>"; };
		047AF99A22CDDB400041A29C /* HomeController.swift */ = {isa = PBXFileReference; fileEncoding = 4; lastKnownFileType = sourcecode.swift; name = HomeController.swift; path = "../../../ToDo-master/ToDo/Controller/HomeController.swift"; sourceTree = "<group>"; };
		047AF99B22CDDB400041A29C /* AddTaskPresentationController.swift */ = {isa = PBXFileReference; fileEncoding = 4; lastKnownFileType = sourcecode.swift; name = AddTaskPresentationController.swift; path = "../../../ToDo-master/ToDo/Controller/AddTaskPresentationController.swift"; sourceTree = "<group>"; };
		047AF99C22CDDB400041A29C /* ToDoCardDismissAnimator.swift */ = {isa = PBXFileReference; fileEncoding = 4; lastKnownFileType = sourcecode.swift; name = ToDoCardDismissAnimator.swift; path = "../../../ToDo-master/ToDo/Controller/ToDoCardDismissAnimator.swift"; sourceTree = "<group>"; };
		047AF99D22CDDB400041A29C /* AddTaskController.swift */ = {isa = PBXFileReference; fileEncoding = 4; lastKnownFileType = sourcecode.swift; name = AddTaskController.swift; path = "../../../ToDo-master/ToDo/Controller/AddTaskController.swift"; sourceTree = "<group>"; };
		047AF99E22CDDB400041A29C /* ToDoCardPresentAnimator.swift */ = {isa = PBXFileReference; fileEncoding = 4; lastKnownFileType = sourcecode.swift; name = ToDoCardPresentAnimator.swift; path = "../../../ToDo-master/ToDo/Controller/ToDoCardPresentAnimator.swift"; sourceTree = "<group>"; };
		047AF99F22CDDB400041A29C /* ToDoViewController.swift */ = {isa = PBXFileReference; fileEncoding = 4; lastKnownFileType = sourcecode.swift; name = ToDoViewController.swift; path = "../../../ToDo-master/ToDo/Controller/ToDoViewController.swift"; sourceTree = "<group>"; };
		20A1E7C5CFDAD79742C392DF /* Pods-ToDo.debug.xcconfig */ = {isa = PBXFileReference; includeInIndex = 1; lastKnownFileType = text.xcconfig; name = "Pods-ToDo.debug.xcconfig"; path = "Pods/Target Support Files/Pods-ToDo/Pods-ToDo.debug.xcconfig"; sourceTree = "<group>"; };
		8E27C3B32806F0827D27B949 /* Pods_ToDo.framework */ = {isa = PBXFileReference; explicitFileType = wrapper.framework; includeInIndex = 0; path = Pods_ToDo.framework; sourceTree = BUILT_PRODUCTS_DIR; };
		92B8536ADFD20F2A7EB9BA06 /* Pods-ToDo.release.xcconfig */ = {isa = PBXFileReference; includeInIndex = 1; lastKnownFileType = text.xcconfig; name = "Pods-ToDo.release.xcconfig"; path = "Pods/Target Support Files/Pods-ToDo/Pods-ToDo.release.xcconfig"; sourceTree = "<group>"; };
		A11338F922A315A7005F4540 /* Common.swift */ = {isa = PBXFileReference; lastKnownFileType = sourcecode.swift; path = Common.swift; sourceTree = "<group>"; };
		A12017C522700F32007AC0EF /* ToDoViewModel.swift */ = {isa = PBXFileReference; lastKnownFileType = sourcecode.swift; path = ToDoViewModel.swift; sourceTree = "<group>"; };
		A1520A84228E48C1000B0471 /* Marimba-notification.caf */ = {isa = PBXFileReference; lastKnownFileType = file; path = "Marimba-notification.caf"; sourceTree = "<group>"; };
		A172A84C227B83F5002ED40D /* ImageCropper.swift */ = {isa = PBXFileReference; lastKnownFileType = sourcecode.swift; path = ImageCropper.swift; sourceTree = "<group>"; };
		A17A3CB0224B2A2000204CD9 /* ToDo.app */ = {isa = PBXFileReference; explicitFileType = wrapper.application; includeInIndex = 0; path = ToDo.app; sourceTree = BUILT_PRODUCTS_DIR; };
		A17A3CB3224B2A2000204CD9 /* AppDelegate.swift */ = {isa = PBXFileReference; lastKnownFileType = sourcecode.swift; path = AppDelegate.swift; sourceTree = "<group>"; };
		A17A3CB8224B2A2000204CD9 /* Base */ = {isa = PBXFileReference; lastKnownFileType = file.storyboard; name = Base; path = Base.lproj/Main.storyboard; sourceTree = "<group>"; };
		A17A3CBD224B2A2100204CD9 /* Assets.xcassets */ = {isa = PBXFileReference; lastKnownFileType = folder.assetcatalog; path = Assets.xcassets; sourceTree = "<group>"; };
		A17A3CC0224B2A2100204CD9 /* Base */ = {isa = PBXFileReference; lastKnownFileType = file.storyboard; name = Base; path = Base.lproj/LaunchScreen.storyboard; sourceTree = "<group>"; };
		A17A3CC2224B2A2100204CD9 /* Info.plist */ = {isa = PBXFileReference; lastKnownFileType = text.plist.xml; path = Info.plist; sourceTree = "<group>"; };
		A17A3CD9224B2FB900204CD9 /* TaskList.swift */ = {isa = PBXFileReference; lastKnownFileType = sourcecode.swift; path = TaskList.swift; sourceTree = "<group>"; };
		A1A0C6C72291D34900F0AE7D /* NetworkRequest.swift */ = {isa = PBXFileReference; lastKnownFileType = sourcecode.swift; path = NetworkRequest.swift; sourceTree = "<group>"; };
		A1A5E168225AFB5100B2D4AD /* Person.swift */ = {isa = PBXFileReference; lastKnownFileType = sourcecode.swift; path = Person.swift; sourceTree = "<group>"; };
		A1C7A91822752C8F00C0C1FD /* Extension.swift */ = {isa = PBXFileReference; lastKnownFileType = sourcecode.swift; path = Extension.swift; sourceTree = "<group>"; };
		A1D418F322A39C3E00D74370 /* ToDoUITests.xctest */ = {isa = PBXFileReference; explicitFileType = wrapper.cfbundle; includeInIndex = 0; path = ToDoUITests.xctest; sourceTree = BUILT_PRODUCTS_DIR; };
		A1D418F522A39C3E00D74370 /* ToDoUITests.swift */ = {isa = PBXFileReference; lastKnownFileType = sourcecode.swift; path = ToDoUITests.swift; sourceTree = "<group>"; };
		A1D418F722A39C3E00D74370 /* Info.plist */ = {isa = PBXFileReference; lastKnownFileType = text.plist.xml; path = Info.plist; sourceTree = "<group>"; };
/* End PBXFileReference section */

/* Begin PBXFrameworksBuildPhase section */
		A17A3CAD224B2A2000204CD9 /* Frameworks */ = {
			isa = PBXFrameworksBuildPhase;
			buildActionMask = 2147483647;
			files = (
				B004DC3053A7D76BC404C83E /* Pods_ToDo.framework in Frameworks */,
			);
			runOnlyForDeploymentPostprocessing = 0;
		};
		A1D418F022A39C3E00D74370 /* Frameworks */ = {
			isa = PBXFrameworksBuildPhase;
			buildActionMask = 2147483647;
			files = (
			);
			runOnlyForDeploymentPostprocessing = 0;
		};
/* End PBXFrameworksBuildPhase section */

/* Begin PBXGroup section */
		3800EB0AA6665A230F6F2DE8 /* Pods */ = {
			isa = PBXGroup;
			children = (
				20A1E7C5CFDAD79742C392DF /* Pods-ToDo.debug.xcconfig */,
				92B8536ADFD20F2A7EB9BA06 /* Pods-ToDo.release.xcconfig */,
			);
			name = Pods;
			sourceTree = "<group>";
		};
		4445DD263618537CC0BD9F63 /* Frameworks */ = {
			isa = PBXGroup;
			children = (
				8E27C3B32806F0827D27B949 /* Pods_ToDo.framework */,
			);
			name = Frameworks;
			sourceTree = "<group>";
		};
		A11338F522A30F3C005F4540 /* View */ = {
			isa = PBXGroup;
			children = (
				047AF99122CDDB2F0041A29C /* CategoryTextField.swift */,
				047AF99022CDDB2F0041A29C /* CheckBox.swift */,
				047AF98B22CDDB2F0041A29C /* Reminder.swift */,
				047AF98F22CDDB2F0041A29C /* TaskCell.swift */,
				047AF98C22CDDB2F0041A29C /* TaskTableView.swift */,
				047AF98A22CDDB2F0041A29C /* ToDo-Ext.swift */,
				047AF98E22CDDB2F0041A29C /* ToDoCard.swift */,
				047AF98D22CDDB2F0041A29C /* ToDoCardCollectionViewFLowLayout.swift */,
			);
			path = View;
			sourceTree = "<group>";
		};
		A11338F622A30F46005F4540 /* Controller */ = {
			isa = PBXGroup;
			children = (
				047AF99D22CDDB400041A29C /* AddTaskController.swift */,
				047AF99B22CDDB400041A29C /* AddTaskPresentationController.swift */,
				047AF99A22CDDB400041A29C /* HomeController.swift */,
				047AF99C22CDDB400041A29C /* ToDoCardDismissAnimator.swift */,
				047AF99E22CDDB400041A29C /* ToDoCardPresentAnimator.swift */,
				047AF99F22CDDB400041A29C /* ToDoViewController.swift */,
			);
			path = Controller;
			sourceTree = "<group>";
		};
		A11338F722A30F4D005F4540 /* Model */ = {
			isa = PBXGroup;
			children = (
				A17A3CD9224B2FB900204CD9 /* TaskList.swift */,
				A1A5E168225AFB5100B2D4AD /* Person.swift */,
			);
			path = Model;
			sourceTree = "<group>";
		};
		A11338F822A30F99005F4540 /* ViewModel */ = {
			isa = PBXGroup;
			children = (
				A12017C522700F32007AC0EF /* ToDoViewModel.swift */,
			);
			path = ViewModel;
			sourceTree = "<group>";
		};
		A17A3CA7224B2A2000204CD9 = {
			isa = PBXGroup;
			children = (
				A17A3CB2224B2A2000204CD9 /* ToDo */,
				A1D418F422A39C3E00D74370 /* ToDoUITests */,
				A17A3CB1224B2A2000204CD9 /* Products */,
				3800EB0AA6665A230F6F2DE8 /* Pods */,
				4445DD263618537CC0BD9F63 /* Frameworks */,
			);
			sourceTree = "<group>";
		};
		A17A3CB1224B2A2000204CD9 /* Products */ = {
			isa = PBXGroup;
			children = (
				A17A3CB0224B2A2000204CD9 /* ToDo.app */,
				A1D418F322A39C3E00D74370 /* ToDoUITests.xctest */,
			);
			name = Products;
			sourceTree = "<group>";
		};
		A17A3CB2224B2A2000204CD9 /* ToDo */ = {
			isa = PBXGroup;
			children = (
				A11338F822A30F99005F4540 /* ViewModel */,
				A11338F722A30F4D005F4540 /* Model */,
				A11338F622A30F46005F4540 /* Controller */,
				A11338F522A30F3C005F4540 /* View */,
				A1C7A91722752C7F00C0C1FD /* Helper */,
				A17A3CB3224B2A2000204CD9 /* AppDelegate.swift */,
				A17A3CB7224B2A2000204CD9 /* Main.storyboard */,
				A17A3CBD224B2A2100204CD9 /* Assets.xcassets */,
				A17A3CBF224B2A2100204CD9 /* LaunchScreen.storyboard */,
				A17A3CC2224B2A2100204CD9 /* Info.plist */,
				A1520A84228E48C1000B0471 /* Marimba-notification.caf */,
			);
			path = ToDo;
			sourceTree = "<group>";
		};
		A1C7A91722752C7F00C0C1FD /* Helper */ = {
			isa = PBXGroup;
			children = (
				A1C7A91822752C8F00C0C1FD /* Extension.swift */,
				A172A84C227B83F5002ED40D /* ImageCropper.swift */,
				A1A0C6C72291D34900F0AE7D /* NetworkRequest.swift */,
				A11338F922A315A7005F4540 /* Common.swift */,
			);
			path = Helper;
			sourceTree = "<group>";
		};
		A1D418F422A39C3E00D74370 /* ToDoUITests */ = {
			isa = PBXGroup;
			children = (
				A1D418F522A39C3E00D74370 /* ToDoUITests.swift */,
				A1D418F722A39C3E00D74370 /* Info.plist */,
			);
			path = ToDoUITests;
			sourceTree = "<group>";
		};
/* End PBXGroup section */

/* Begin PBXNativeTarget section */
		A17A3CAF224B2A2000204CD9 /* ToDo */ = {
			isa = PBXNativeTarget;
			buildConfigurationList = A17A3CC5224B2A2100204CD9 /* Build configuration list for PBXNativeTarget "ToDo" */;
			buildPhases = (
				42111A8D86FB258EDB349456 /* [CP] Check Pods Manifest.lock */,
				A17A3CAC224B2A2000204CD9 /* Sources */,
				A17A3CAD224B2A2000204CD9 /* Frameworks */,
				A17A3CAE224B2A2000204CD9 /* Resources */,
				F186CE21464907762C06DF5F /* [CP] Embed Pods Frameworks */,
			);
			buildRules = (
			);
			dependencies = (
			);
			name = ToDo;
			productName = ToDo;
			productReference = A17A3CB0224B2A2000204CD9 /* ToDo.app */;
			productType = "com.apple.product-type.application";
		};
		A1D418F222A39C3E00D74370 /* ToDoUITests */ = {
			isa = PBXNativeTarget;
			buildConfigurationList = A1D418FC22A39C3E00D74370 /* Build configuration list for PBXNativeTarget "ToDoUITests" */;
			buildPhases = (
				A1D418EF22A39C3E00D74370 /* Sources */,
				A1D418F022A39C3E00D74370 /* Frameworks */,
				A1D418F122A39C3E00D74370 /* Resources */,
			);
			buildRules = (
			);
			dependencies = (
				A1D418F922A39C3E00D74370 /* PBXTargetDependency */,
			);
			name = ToDoUITests;
			productName = ToDoUITests;
			productReference = A1D418F322A39C3E00D74370 /* ToDoUITests.xctest */;
			productType = "com.apple.product-type.bundle.ui-testing";
		};
/* End PBXNativeTarget section */

/* Begin PBXProject section */
		A17A3CA8224B2A2000204CD9 /* Project object */ = {
			isa = PBXProject;
			attributes = {
				LastSwiftUpdateCheck = 1020;
				LastUpgradeCheck = 0940;
				ORGANIZATIONNAME = "Tuyen Le";
				TargetAttributes = {
					A17A3CAF224B2A2000204CD9 = {
						CreatedOnToolsVersion = 9.4.1;
						LastSwiftMigration = 1020;
					};
					A1D418F222A39C3E00D74370 = {
						CreatedOnToolsVersion = 10.2.1;
						TestTargetID = A17A3CAF224B2A2000204CD9;
					};
				};
			};
			buildConfigurationList = A17A3CAB224B2A2000204CD9 /* Build configuration list for PBXProject "ToDo" */;
			compatibilityVersion = "Xcode 9.3";
			developmentRegion = en;
			hasScannedForEncodings = 0;
			knownRegions = (
				en,
				Base,
			);
			mainGroup = A17A3CA7224B2A2000204CD9;
			productRefGroup = A17A3CB1224B2A2000204CD9 /* Products */;
			projectDirPath = "";
			projectRoot = "";
			targets = (
				A17A3CAF224B2A2000204CD9 /* ToDo */,
				A1D418F222A39C3E00D74370 /* ToDoUITests */,
			);
		};
/* End PBXProject section */

/* Begin PBXResourcesBuildPhase section */
		A17A3CAE224B2A2000204CD9 /* Resources */ = {
			isa = PBXResourcesBuildPhase;
			buildActionMask = 2147483647;
			files = (
				A17A3CC1224B2A2100204CD9 /* LaunchScreen.storyboard in Resources */,
				A17A3CBE224B2A2100204CD9 /* Assets.xcassets in Resources */,
				A17A3CB9224B2A2000204CD9 /* Main.storyboard in Resources */,
			);
			runOnlyForDeploymentPostprocessing = 0;
		};
		A1D418F122A39C3E00D74370 /* Resources */ = {
			isa = PBXResourcesBuildPhase;
			buildActionMask = 2147483647;
			files = (
			);
			runOnlyForDeploymentPostprocessing = 0;
		};
/* End PBXResourcesBuildPhase section */

/* Begin PBXShellScriptBuildPhase section */
		42111A8D86FB258EDB349456 /* [CP] Check Pods Manifest.lock */ = {
			isa = PBXShellScriptBuildPhase;
			buildActionMask = 2147483647;
			files = (
			);
			inputPaths = (
				"${PODS_PODFILE_DIR_PATH}/Podfile.lock",
				"${PODS_ROOT}/Manifest.lock",
			);
			name = "[CP] Check Pods Manifest.lock";
			outputPaths = (
				"$(DERIVED_FILE_DIR)/Pods-ToDo-checkManifestLockResult.txt",
			);
			runOnlyForDeploymentPostprocessing = 0;
			shellPath = /bin/sh;
			shellScript = "diff \"${PODS_PODFILE_DIR_PATH}/Podfile.lock\" \"${PODS_ROOT}/Manifest.lock\" > /dev/null\nif [ $? != 0 ] ; then\n    # print error to STDERR\n    echo \"error: The sandbox is not in sync with the Podfile.lock. Run 'pod install' or update your CocoaPods installation.\" >&2\n    exit 1\nfi\n# This output is used by Xcode 'outputs' to avoid re-running this script phase.\necho \"SUCCESS\" > \"${SCRIPT_OUTPUT_FILE_0}\"\n";
			showEnvVarsInLog = 0;
		};
		F186CE21464907762C06DF5F /* [CP] Embed Pods Frameworks */ = {
			isa = PBXShellScriptBuildPhase;
			buildActionMask = 2147483647;
			files = (
			);
			inputFileListPaths = (
			);
			inputPaths = (
				"${PODS_ROOT}/Target Support Files/Pods-ToDo/Pods-ToDo-frameworks.sh",
				"${BUILT_PRODUCTS_DIR}/AddButtonExpand/AddButtonExpand.framework",
				"${BUILT_PRODUCTS_DIR}/Alamofire/Alamofire.framework",
				"${BUILT_PRODUCTS_DIR}/ProgressBar/ProgressBar.framework",
				"${BUILT_PRODUCTS_DIR}/Realm/Realm.framework",
				"${BUILT_PRODUCTS_DIR}/RealmSwift/RealmSwift.framework",
				"${BUILT_PRODUCTS_DIR}/SingleDatePickerCalendar/SingleDatePickerCalendar.framework",
				"${BUILT_PRODUCTS_DIR}/SwiftyJSON/SwiftyJSON.framework",
			);
			name = "[CP] Embed Pods Frameworks";
			outputFileListPaths = (
			);
			outputPaths = (
				"${TARGET_BUILD_DIR}/${FRAMEWORKS_FOLDER_PATH}/AddButtonExpand.framework",
				"${TARGET_BUILD_DIR}/${FRAMEWORKS_FOLDER_PATH}/Alamofire.framework",
				"${TARGET_BUILD_DIR}/${FRAMEWORKS_FOLDER_PATH}/ProgressBar.framework",
				"${TARGET_BUILD_DIR}/${FRAMEWORKS_FOLDER_PATH}/Realm.framework",
				"${TARGET_BUILD_DIR}/${FRAMEWORKS_FOLDER_PATH}/RealmSwift.framework",
				"${TARGET_BUILD_DIR}/${FRAMEWORKS_FOLDER_PATH}/SingleDatePickerCalendar.framework",
				"${TARGET_BUILD_DIR}/${FRAMEWORKS_FOLDER_PATH}/SwiftyJSON.framework",
			);
			runOnlyForDeploymentPostprocessing = 0;
			shellPath = /bin/sh;
			shellScript = "\"${PODS_ROOT}/Target Support Files/Pods-ToDo/Pods-ToDo-frameworks.sh\"\n";
			showEnvVarsInLog = 0;
		};
/* End PBXShellScriptBuildPhase section */

/* Begin PBXSourcesBuildPhase section */
		A17A3CAC224B2A2000204CD9 /* Sources */ = {
			isa = PBXSourcesBuildPhase;
			buildActionMask = 2147483647;
			files = (
				047AF9A522CDDB400041A29C /* ToDoViewController.swift in Sources */,
				A17A3CDA224B2FB900204CD9 /* TaskList.swift in Sources */,
				047AF99422CDDB2F0041A29C /* TaskTableView.swift in Sources */,
				047AF99722CDDB2F0041A29C /* TaskCell.swift in Sources */,
				A11338FA22A315A7005F4540 /* Common.swift in Sources */,
				047AF9A122CDDB400041A29C /* AddTaskPresentationController.swift in Sources */,
				A1A0C6C82291D34900F0AE7D /* NetworkRequest.swift in Sources */,
				047AF9A322CDDB400041A29C /* AddTaskController.swift in Sources */,
				A1A5E169225AFB5200B2D4AD /* Person.swift in Sources */,
				A1C7A91922752C8F00C0C1FD /* Extension.swift in Sources */,
				047AF9A422CDDB400041A29C /* ToDoCardPresentAnimator.swift in Sources */,
				047AF99522CDDB2F0041A29C /* ToDoCardCollectionViewFLowLayout.swift in Sources */,
				047AF9A022CDDB400041A29C /* HomeController.swift in Sources */,
				A12017C622700F32007AC0EF /* ToDoViewModel.swift in Sources */,
				047AF99922CDDB2F0041A29C /* CategoryTextField.swift in Sources */,
				A17A3CB4224B2A2000204CD9 /* AppDelegate.swift in Sources */,
				A172A84D227B83F5002ED40D /* ImageCropper.swift in Sources */,
				047AF99222CDDB2F0041A29C /* ToDo-Ext.swift in Sources */,
				047AF99622CDDB2F0041A29C /* ToDoCard.swift in Sources */,
				047AF99822CDDB2F0041A29C /* CheckBox.swift in Sources */,
				047AF9A222CDDB400041A29C /* ToDoCardDismissAnimator.swift in Sources */,
				047AF99322CDDB2F0041A29C /* Reminder.swift in Sources */,
			);
			runOnlyForDeploymentPostprocessing = 0;
		};
		A1D418EF22A39C3E00D74370 /* Sources */ = {
			isa = PBXSourcesBuildPhase;
			buildActionMask = 2147483647;
			files = (
				A1D418F622A39C3E00D74370 /* ToDoUITests.swift in Sources */,
			);
			runOnlyForDeploymentPostprocessing = 0;
		};
/* End PBXSourcesBuildPhase section */

/* Begin PBXTargetDependency section */
		A1D418F922A39C3E00D74370 /* PBXTargetDependency */ = {
			isa = PBXTargetDependency;
			target = A17A3CAF224B2A2000204CD9 /* ToDo */;
			targetProxy = A1D418F822A39C3E00D74370 /* PBXContainerItemProxy */;
		};
/* End PBXTargetDependency section */

/* Begin PBXVariantGroup section */
		A17A3CB7224B2A2000204CD9 /* Main.storyboard */ = {
			isa = PBXVariantGroup;
			children = (
				A17A3CB8224B2A2000204CD9 /* Base */,
			);
			name = Main.storyboard;
			sourceTree = "<group>";
		};
		A17A3CBF224B2A2100204CD9 /* LaunchScreen.storyboard */ = {
			isa = PBXVariantGroup;
			children = (
				A17A3CC0224B2A2100204CD9 /* Base */,
			);
			name = LaunchScreen.storyboard;
			sourceTree = "<group>";
		};
/* End PBXVariantGroup section */

/* Begin XCBuildConfiguration section */
		A17A3CC3224B2A2100204CD9 /* Debug */ = {
			isa = XCBuildConfiguration;
			buildSettings = {
				ALWAYS_SEARCH_USER_PATHS = NO;
				CLANG_ANALYZER_NONNULL = YES;
				CLANG_ANALYZER_NUMBER_OBJECT_CONVERSION = YES_AGGRESSIVE;
				CLANG_CXX_LANGUAGE_STANDARD = "gnu++14";
				CLANG_CXX_LIBRARY = "libc++";
				CLANG_ENABLE_MODULES = YES;
				CLANG_ENABLE_OBJC_ARC = YES;
				CLANG_ENABLE_OBJC_WEAK = YES;
				CLANG_WARN_BLOCK_CAPTURE_AUTORELEASING = YES;
				CLANG_WARN_BOOL_CONVERSION = YES;
				CLANG_WARN_COMMA = YES;
				CLANG_WARN_CONSTANT_CONVERSION = YES;
				CLANG_WARN_DEPRECATED_OBJC_IMPLEMENTATIONS = YES;
				CLANG_WARN_DIRECT_OBJC_ISA_USAGE = YES_ERROR;
				CLANG_WARN_DOCUMENTATION_COMMENTS = YES;
				CLANG_WARN_EMPTY_BODY = YES;
				CLANG_WARN_ENUM_CONVERSION = YES;
				CLANG_WARN_INFINITE_RECURSION = YES;
				CLANG_WARN_INT_CONVERSION = YES;
				CLANG_WARN_NON_LITERAL_NULL_CONVERSION = YES;
				CLANG_WARN_OBJC_IMPLICIT_RETAIN_SELF = YES;
				CLANG_WARN_OBJC_LITERAL_CONVERSION = YES;
				CLANG_WARN_OBJC_ROOT_CLASS = YES_ERROR;
				CLANG_WARN_RANGE_LOOP_ANALYSIS = YES;
				CLANG_WARN_STRICT_PROTOTYPES = YES;
				CLANG_WARN_SUSPICIOUS_MOVE = YES;
				CLANG_WARN_UNGUARDED_AVAILABILITY = YES_AGGRESSIVE;
				CLANG_WARN_UNREACHABLE_CODE = YES;
				CLANG_WARN__DUPLICATE_METHOD_MATCH = YES;
				CODE_SIGN_IDENTITY = "iPhone Developer";
				COPY_PHASE_STRIP = NO;
				DEBUG_INFORMATION_FORMAT = dwarf;
				ENABLE_STRICT_OBJC_MSGSEND = YES;
				ENABLE_TESTABILITY = YES;
				GCC_C_LANGUAGE_STANDARD = gnu11;
				GCC_DYNAMIC_NO_PIC = NO;
				GCC_NO_COMMON_BLOCKS = YES;
				GCC_OPTIMIZATION_LEVEL = 0;
				GCC_PREPROCESSOR_DEFINITIONS = (
					"DEBUG=1",
					"$(inherited)",
				);
				GCC_WARN_64_TO_32_BIT_CONVERSION = YES;
				GCC_WARN_ABOUT_RETURN_TYPE = YES_ERROR;
				GCC_WARN_UNDECLARED_SELECTOR = YES;
				GCC_WARN_UNINITIALIZED_AUTOS = YES_AGGRESSIVE;
				GCC_WARN_UNUSED_FUNCTION = YES;
				GCC_WARN_UNUSED_VARIABLE = YES;
				IPHONEOS_DEPLOYMENT_TARGET = 11.4;
				MTL_ENABLE_DEBUG_INFO = YES;
				ONLY_ACTIVE_ARCH = YES;
				SDKROOT = iphoneos;
				SWIFT_ACTIVE_COMPILATION_CONDITIONS = DEBUG;
				SWIFT_OPTIMIZATION_LEVEL = "-Onone";
			};
			name = Debug;
		};
		A17A3CC4224B2A2100204CD9 /* Release */ = {
			isa = XCBuildConfiguration;
			buildSettings = {
				ALWAYS_SEARCH_USER_PATHS = NO;
				CLANG_ANALYZER_NONNULL = YES;
				CLANG_ANALYZER_NUMBER_OBJECT_CONVERSION = YES_AGGRESSIVE;
				CLANG_CXX_LANGUAGE_STANDARD = "gnu++14";
				CLANG_CXX_LIBRARY = "libc++";
				CLANG_ENABLE_MODULES = YES;
				CLANG_ENABLE_OBJC_ARC = YES;
				CLANG_ENABLE_OBJC_WEAK = YES;
				CLANG_WARN_BLOCK_CAPTURE_AUTORELEASING = YES;
				CLANG_WARN_BOOL_CONVERSION = YES;
				CLANG_WARN_COMMA = YES;
				CLANG_WARN_CONSTANT_CONVERSION = YES;
				CLANG_WARN_DEPRECATED_OBJC_IMPLEMENTATIONS = YES;
				CLANG_WARN_DIRECT_OBJC_ISA_USAGE = YES_ERROR;
				CLANG_WARN_DOCUMENTATION_COMMENTS = YES;
				CLANG_WARN_EMPTY_BODY = YES;
				CLANG_WARN_ENUM_CONVERSION = YES;
				CLANG_WARN_INFINITE_RECURSION = YES;
				CLANG_WARN_INT_CONVERSION = YES;
				CLANG_WARN_NON_LITERAL_NULL_CONVERSION = YES;
				CLANG_WARN_OBJC_IMPLICIT_RETAIN_SELF = YES;
				CLANG_WARN_OBJC_LITERAL_CONVERSION = YES;
				CLANG_WARN_OBJC_ROOT_CLASS = YES_ERROR;
				CLANG_WARN_RANGE_LOOP_ANALYSIS = YES;
				CLANG_WARN_STRICT_PROTOTYPES = YES;
				CLANG_WARN_SUSPICIOUS_MOVE = YES;
				CLANG_WARN_UNGUARDED_AVAILABILITY = YES_AGGRESSIVE;
				CLANG_WARN_UNREACHABLE_CODE = YES;
				CLANG_WARN__DUPLICATE_METHOD_MATCH = YES;
				CODE_SIGN_IDENTITY = "iPhone Developer";
				COPY_PHASE_STRIP = NO;
				DEBUG_INFORMATION_FORMAT = "dwarf-with-dsym";
				ENABLE_NS_ASSERTIONS = NO;
				ENABLE_STRICT_OBJC_MSGSEND = YES;
				GCC_C_LANGUAGE_STANDARD = gnu11;
				GCC_NO_COMMON_BLOCKS = YES;
				GCC_WARN_64_TO_32_BIT_CONVERSION = YES;
				GCC_WARN_ABOUT_RETURN_TYPE = YES_ERROR;
				GCC_WARN_UNDECLARED_SELECTOR = YES;
				GCC_WARN_UNINITIALIZED_AUTOS = YES_AGGRESSIVE;
				GCC_WARN_UNUSED_FUNCTION = YES;
				GCC_WARN_UNUSED_VARIABLE = YES;
				IPHONEOS_DEPLOYMENT_TARGET = 11.4;
				MTL_ENABLE_DEBUG_INFO = NO;
				SDKROOT = iphoneos;
				SWIFT_COMPILATION_MODE = wholemodule;
				SWIFT_OPTIMIZATION_LEVEL = "-O";
				VALIDATE_PRODUCT = YES;
			};
			name = Release;
		};
		A17A3CC6224B2A2100204CD9 /* Debug */ = {
			isa = XCBuildConfiguration;
			baseConfigurationReference = 20A1E7C5CFDAD79742C392DF /* Pods-ToDo.debug.xcconfig */;
			buildSettings = {
				ASSETCATALOG_COMPILER_APPICON_NAME = AppIcon;
				CODE_SIGN_STYLE = Automatic;
				DEVELOPMENT_TEAM = DTUTGY3V82;
				INFOPLIST_FILE = ToDo/Info.plist;
				LD_RUNPATH_SEARCH_PATHS = (
					"$(inherited)",
					"@executable_path/Frameworks",
				);
				PRODUCT_BUNDLE_IDENTIFIER = DieuThao.ToDo;
				PRODUCT_NAME = "$(TARGET_NAME)";
				SWIFT_VERSION = 5.0;
				TARGETED_DEVICE_FAMILY = 1;
			};
			name = Debug;
		};
		A17A3CC7224B2A2100204CD9 /* Release */ = {
			isa = XCBuildConfiguration;
			baseConfigurationReference = 92B8536ADFD20F2A7EB9BA06 /* Pods-ToDo.release.xcconfig */;
			buildSettings = {
				ASSETCATALOG_COMPILER_APPICON_NAME = AppIcon;
				CODE_SIGN_STYLE = Automatic;
				DEVELOPMENT_TEAM = DTUTGY3V82;
				INFOPLIST_FILE = ToDo/Info.plist;
				LD_RUNPATH_SEARCH_PATHS = (
					"$(inherited)",
					"@executable_path/Frameworks",
				);
				PRODUCT_BUNDLE_IDENTIFIER = DieuThao.ToDo;
				PRODUCT_NAME = "$(TARGET_NAME)";
				SWIFT_VERSION = 5.0;
				TARGETED_DEVICE_FAMILY = 1;
			};
			name = Release;
		};
		A1D418FA22A39C3E00D74370 /* Debug */ = {
			isa = XCBuildConfiguration;
			buildSettings = {
				CODE_SIGN_STYLE = Automatic;
				DEVELOPMENT_TEAM = DTUTGY3V82;
				INFOPLIST_FILE = ToDoUITests/Info.plist;
				IPHONEOS_DEPLOYMENT_TARGET = 12.2;
				LD_RUNPATH_SEARCH_PATHS = (
					"$(inherited)",
					"@executable_path/Frameworks",
					"@loader_path/Frameworks",
				);
				MTL_ENABLE_DEBUG_INFO = INCLUDE_SOURCE;
				MTL_FAST_MATH = YES;
				PRODUCT_BUNDLE_IDENTIFIER = DieuThao.ToDoUITests;
				PRODUCT_NAME = "$(TARGET_NAME)";
				SWIFT_VERSION = 5.0;
				TARGETED_DEVICE_FAMILY = "1,2";
				TEST_TARGET_NAME = ToDo;
			};
			name = Debug;
		};
		A1D418FB22A39C3E00D74370 /* Release */ = {
			isa = XCBuildConfiguration;
			buildSettings = {
				CODE_SIGN_STYLE = Automatic;
				DEVELOPMENT_TEAM = DTUTGY3V82;
				INFOPLIST_FILE = ToDoUITests/Info.plist;
				IPHONEOS_DEPLOYMENT_TARGET = 12.2;
				LD_RUNPATH_SEARCH_PATHS = (
					"$(inherited)",
					"@executable_path/Frameworks",
					"@loader_path/Frameworks",
				);
				MTL_FAST_MATH = YES;
				PRODUCT_BUNDLE_IDENTIFIER = DieuThao.ToDoUITests;
				PRODUCT_NAME = "$(TARGET_NAME)";
				SWIFT_VERSION = 5.0;
				TARGETED_DEVICE_FAMILY = "1,2";
				TEST_TARGET_NAME = ToDo;
			};
			name = Release;
		};
/* End XCBuildConfiguration section */

/* Begin XCConfigurationList section */
		A17A3CAB224B2A2000204CD9 /* Build configuration list for PBXProject "ToDo" */ = {
			isa = XCConfigurationList;
			buildConfigurations = (
				A17A3CC3224B2A2100204CD9 /* Debug */,
				A17A3CC4224B2A2100204CD9 /* Release */,
			);
			defaultConfigurationIsVisible = 0;
			defaultConfigurationName = Release;
		};
		A17A3CC5224B2A2100204CD9 /* Build configuration list for PBXNativeTarget "ToDo" */ = {
			isa = XCConfigurationList;
			buildConfigurations = (
				A17A3CC6224B2A2100204CD9 /* Debug */,
				A17A3CC7224B2A2100204CD9 /* Release */,
			);
			defaultConfigurationIsVisible = 0;
			defaultConfigurationName = Release;
		};
		A1D418FC22A39C3E00D74370 /* Build configuration list for PBXNativeTarget "ToDoUITests" */ = {
			isa = XCConfigurationList;
			buildConfigurations = (
				A1D418FA22A39C3E00D74370 /* Debug */,
				A1D418FB22A39C3E00D74370 /* Release */,
			);
			defaultConfigurationIsVisible = 0;
			defaultConfigurationName = Release;
		};
/* End XCConfigurationList section */
	};
	rootObject = A17A3CA8224B2A2000204CD9 /* Project object */;
}
